
Microsoft Visual Studio Solution File, Format Version 12.00
# Visual Studio Version 17
VisualStudioVersion = 17.5.33516.290
MinimumVisualStudioVersion = 10.0.40219.1
Project("{13B669BE-BB05-4DDF-9536-439F39A36129}") = "DNDCreater", "DNDCreater.phpproj", "{8A16C5AD-B1E7-4C49-8264-D7444A693CC4}"
EndProject
Global
	GlobalSection(SolutionConfigurationPlatforms) = preSolution
		Debug|Any CPU = Debug|Any CPU
		Release|Any CPU = Release|Any CPU
	EndGlobalSection
	GlobalSection(ProjectConfigurationPlatforms) = postSolution
		{8A16C5AD-B1E7-4C49-8264-D7444A693CC4}.Debug|Any CPU.ActiveCfg = Debug|Any CPU
		{8A16C5AD-B1E7-4C49-8264-D7444A693CC4}.Debug|Any CPU.Build.0 = Debug|Any CPU
		{8A16C5AD-B1E7-4C49-8264-D7444A693CC4}.Release|Any CPU.ActiveCfg = Release|Any CPU
		{8A16C5AD-B1E7-4C49-8264-D7444A693CC4}.Release|Any CPU.Build.0 = Release|Any CPU
	EndGlobalSection
	GlobalSection(SolutionProperties) = preSolution
		HideSolutionNode = FALSE
	EndGlobalSection
	GlobalSection(ExtensibilityGlobals) = postSolution
		SolutionGuid = {9BE1F9D1-796E-4D99-902B-1B401D3A6FA5}
	EndGlobalSection
EndGlobal
